{
  "name": "pokemon404",
  "version": "1.0.0",
  "lockfileVersion": 1,
  "requires": true,
  "dependencies": {
    "playfab-web-sdk": {
      "version": "1.53.190916",
      "resolved": "https://registry.npmjs.org/playfab-web-sdk/-/playfab-web-sdk-1.53.190916.tgz",
      "integrity": "sha512-OTkcBrHPZPWycMi99mUPQr3v8xEYyplA9KHH/TAWbquC0rQCC6rzSTIXq+jfQB6DVmIH4f01ure2USZz8ho4IQ=="
    }
  }
}
